
Microsoft Visual Studio Solution File, Format Version 12.00
# Visual Studio Version 17
VisualStudioVersion = 17.4.33110.190
MinimumVisualStudioVersion = 10.0.40219.1
Project("{FAE04EC0-301F-11D3-BF4B-00C04F79EFBC}") = "RevitStudyPlugin", "RevitStudyPlugin\RevitStudyPlugin.csproj", "{EF150AE6-CB36-46A1-835A-FEEA65AE961B}"
EndProject
Global
	GlobalSection(SolutionConfigurationPlatforms) = preSolution
		Debug|Any CPU = Debug|Any CPU
		Release|Any CPU = Release|Any CPU
	EndGlobalSection
	GlobalSection(ProjectConfigurationPlatforms) = postSolution
		{EF150AE6-CB36-46A1-835A-FEEA65AE961B}.Debug|Any CPU.ActiveCfg = Debug|Any CPU
		{EF150AE6-CB36-46A1-835A-FEEA65AE961B}.Debug|Any CPU.Build.0 = Debug|Any CPU
		{EF150AE6-CB36-46A1-835A-FEEA65AE961B}.Release|Any CPU.ActiveCfg = Release|Any CPU
		{EF150AE6-CB36-46A1-835A-FEEA65AE961B}.Release|Any CPU.Build.0 = Release|Any CPU
	EndGlobalSection
	GlobalSection(SolutionProperties) = preSolution
		HideSolutionNode = FALSE
	EndGlobalSection
	GlobalSection(ExtensibilityGlobals) = postSolution
		SolutionGuid = {44AB0D55-0B18-4C41-BAE2-C3E4F377D441}
	EndGlobalSection
EndGlobal
